
Microsoft Visual Studio Solution File, Format Version 12.00
# Visual Studio Version 17
VisualStudioVersion = 17.2.32630.192
MinimumVisualStudioVersion = 10.0.40219.1
Project("{FAE04EC0-301F-11D3-BF4B-00C04F79EFBC}") = "MVP", "MVP\MVP.csproj", "{813B72FB-A964-47C6-82B6-4EB60A05BCCD}"
EndProject
Project("{2150E333-8FDC-42A3-9474-1A3956D46DE8}") = "Элементы решения", "Элементы решения", "{22AFE19F-46A4-4E7E-9126-2041461457C4}"
	ProjectSection(SolutionItems) = preProject
		DB.sql = DB.sql
	EndProjectSection
EndProject
Global
	GlobalSection(SolutionConfigurationPlatforms) = preSolution
		Debug|Any CPU = Debug|Any CPU
		Release|Any CPU = Release|Any CPU
	EndGlobalSection
	GlobalSection(ProjectConfigurationPlatforms) = postSolution
		{813B72FB-A964-47C6-82B6-4EB60A05BCCD}.Debug|Any CPU.ActiveCfg = Debug|Any CPU
		{813B72FB-A964-47C6-82B6-4EB60A05BCCD}.Debug|Any CPU.Build.0 = Debug|Any CPU
		{813B72FB-A964-47C6-82B6-4EB60A05BCCD}.Release|Any CPU.ActiveCfg = Release|Any CPU
		{813B72FB-A964-47C6-82B6-4EB60A05BCCD}.Release|Any CPU.Build.0 = Release|Any CPU
	EndGlobalSection
	GlobalSection(SolutionProperties) = preSolution
		HideSolutionNode = FALSE
	EndGlobalSection
	GlobalSection(ExtensibilityGlobals) = postSolution
		SolutionGuid = {60C00E39-6F8A-413F-AF10-D70BDEA602EE}
	EndGlobalSection
EndGlobal
